
Microsoft Visual Studio Solution File, Format Version 12.00
# Visual Studio 15
VisualStudioVersion = 15.0.28307.852
MinimumVisualStudioVersion = 10.0.40219.1
Project("{8BC9CEB8-8B4A-11D0-8D11-00A0C91BC942}") = "PixelSumProject", "PixelSum\PixelSum.vcxproj", "{4C73CA60-61DC-4D41-9418-6F6E98204A73}"
EndProject
Project("{8BC9CEB8-8B4A-11D0-8D11-00A0C91BC942}") = "TestPixelSum", "TestPixelSum\TestPixelSum.vcxproj", "{7FEB08FF-9FD4-4680-A83C-F9FB4BD448CA}"
EndProject
Global
	GlobalSection(SolutionConfigurationPlatforms) = preSolution
		Debug|x64 = Debug|x64
		Debug|x86 = Debug|x86
		Release|x64 = Release|x64
		Release|x86 = Release|x86
	EndGlobalSection
	GlobalSection(ProjectConfigurationPlatforms) = postSolution
		{4C73CA60-61DC-4D41-9418-6F6E98204A73}.Debug|x64.ActiveCfg = Debug|x64
		{4C73CA60-61DC-4D41-9418-6F6E98204A73}.Debug|x64.Build.0 = Debug|x64
		{4C73CA60-61DC-4D41-9418-6F6E98204A73}.Debug|x86.ActiveCfg = Debug|Win32
		{4C73CA60-61DC-4D41-9418-6F6E98204A73}.Debug|x86.Build.0 = Debug|Win32
		{4C73CA60-61DC-4D41-9418-6F6E98204A73}.Release|x64.ActiveCfg = Release|x64
		{4C73CA60-61DC-4D41-9418-6F6E98204A73}.Release|x64.Build.0 = Release|x64
		{4C73CA60-61DC-4D41-9418-6F6E98204A73}.Release|x86.ActiveCfg = Release|Win32
		{4C73CA60-61DC-4D41-9418-6F6E98204A73}.Release|x86.Build.0 = Release|Win32
		{7FEB08FF-9FD4-4680-A83C-F9FB4BD448CA}.Debug|x64.ActiveCfg = Debug|x64
		{7FEB08FF-9FD4-4680-A83C-F9FB4BD448CA}.Debug|x64.Build.0 = Debug|x64
		{7FEB08FF-9FD4-4680-A83C-F9FB4BD448CA}.Debug|x86.ActiveCfg = Debug|Win32
		{7FEB08FF-9FD4-4680-A83C-F9FB4BD448CA}.Debug|x86.Build.0 = Debug|Win32
		{7FEB08FF-9FD4-4680-A83C-F9FB4BD448CA}.Release|x64.ActiveCfg = Release|x64
		{7FEB08FF-9FD4-4680-A83C-F9FB4BD448CA}.Release|x64.Build.0 = Release|x64
		{7FEB08FF-9FD4-4680-A83C-F9FB4BD448CA}.Release|x86.ActiveCfg = Release|Win32
		{7FEB08FF-9FD4-4680-A83C-F9FB4BD448CA}.Release|x86.Build.0 = Release|Win32
	EndGlobalSection
	GlobalSection(SolutionProperties) = preSolution
		HideSolutionNode = FALSE
	EndGlobalSection
	GlobalSection(ExtensibilityGlobals) = postSolution
		SolutionGuid = {452FAD8B-E2DF-49E7-84FB-9DF7E86BF8C4}
	EndGlobalSection
EndGlobal
